
Microsoft Visual Studio Solution File, Format Version 12.00
# Visual Studio 2012
Project("{FAE04EC0-301F-11D3-BF4B-00C04F79EFBC}") = "BuscaEmprego", "BuscaEmprego\BuscaEmprego.csproj", "{C9515237-1EA9-4AF5-8148-E9952E2424CC}"
EndProject
Global
	GlobalSection(SolutionConfigurationPlatforms) = preSolution
		Debug|Any CPU = Debug|Any CPU
		Release|Any CPU = Release|Any CPU
	EndGlobalSection
	GlobalSection(ProjectConfigurationPlatforms) = postSolution
		{C9515237-1EA9-4AF5-8148-E9952E2424CC}.Debug|Any CPU.ActiveCfg = Debug|Any CPU
		{C9515237-1EA9-4AF5-8148-E9952E2424CC}.Debug|Any CPU.Build.0 = Debug|Any CPU
		{C9515237-1EA9-4AF5-8148-E9952E2424CC}.Release|Any CPU.ActiveCfg = Release|Any CPU
		{C9515237-1EA9-4AF5-8148-E9952E2424CC}.Release|Any CPU.Build.0 = Release|Any CPU
	EndGlobalSection
	GlobalSection(SolutionProperties) = preSolution
		HideSolutionNode = FALSE
	EndGlobalSection
EndGlobal
