
Microsoft Visual Studio Solution File, Format Version 12.00
# Visual Studio 14
VisualStudioVersion = 14.0.25123.0
MinimumVisualStudioVersion = 10.0.40219.1
Project("{FAE04EC0-301F-11D3-BF4B-00C04F79EFBC}") = "BuscaEmprego", "BuscaEmprego\BuscaEmprego.csproj", "{882D3CBA-DF64-4BF6-8FA3-849F4F42DBD5}"
EndProject
Project("{FAE04EC0-301F-11D3-BF4B-00C04F79EFBC}") = "BuscaEmprego.DAO", "BuscaEmprego.DAO\BuscaEmprego.DAO.csproj", "{DC89143C-0A99-4E92-87AE-421C1E0CF1FB}"
EndProject
Project("{FAE04EC0-301F-11D3-BF4B-00C04F79EFBC}") = "BuscaEmprego.Database", "BuscaEmprego.Database\BuscaEmprego.Database.csproj", "{E6A4F45E-83EE-4917-AA2D-173DB6023576}"
EndProject
Project("{FAE04EC0-301F-11D3-BF4B-00C04F79EFBC}") = "BuscaEmprego.Business", "BuscaEmprego.Business\BuscaEmprego.Business.csproj", "{E858F0EA-1178-42CE-812C-FCB211F6CCA2}"
EndProject
Project("{FAE04EC0-301F-11D3-BF4B-00C04F79EFBC}") = "BuscaEmprego.Entities", "BuscaEmprego.Entities\BuscaEmprego.Entities.csproj", "{054B12E3-BDC6-44E8-8B02-A043D2FED1D4}"
EndProject
Global
	GlobalSection(SolutionConfigurationPlatforms) = preSolution
		Debug|Any CPU = Debug|Any CPU
		Release|Any CPU = Release|Any CPU
	EndGlobalSection
	GlobalSection(ProjectConfigurationPlatforms) = postSolution
		{882D3CBA-DF64-4BF6-8FA3-849F4F42DBD5}.Debug|Any CPU.ActiveCfg = Debug|Any CPU
		{882D3CBA-DF64-4BF6-8FA3-849F4F42DBD5}.Debug|Any CPU.Build.0 = Debug|Any CPU
		{882D3CBA-DF64-4BF6-8FA3-849F4F42DBD5}.Release|Any CPU.ActiveCfg = Release|Any CPU
		{882D3CBA-DF64-4BF6-8FA3-849F4F42DBD5}.Release|Any CPU.Build.0 = Release|Any CPU
		{DC89143C-0A99-4E92-87AE-421C1E0CF1FB}.Debug|Any CPU.ActiveCfg = Debug|Any CPU
		{DC89143C-0A99-4E92-87AE-421C1E0CF1FB}.Debug|Any CPU.Build.0 = Debug|Any CPU
		{DC89143C-0A99-4E92-87AE-421C1E0CF1FB}.Release|Any CPU.ActiveCfg = Release|Any CPU
		{DC89143C-0A99-4E92-87AE-421C1E0CF1FB}.Release|Any CPU.Build.0 = Release|Any CPU
		{E6A4F45E-83EE-4917-AA2D-173DB6023576}.Debug|Any CPU.ActiveCfg = Debug|Any CPU
		{E6A4F45E-83EE-4917-AA2D-173DB6023576}.Debug|Any CPU.Build.0 = Debug|Any CPU
		{E6A4F45E-83EE-4917-AA2D-173DB6023576}.Release|Any CPU.ActiveCfg = Release|Any CPU
		{E6A4F45E-83EE-4917-AA2D-173DB6023576}.Release|Any CPU.Build.0 = Release|Any CPU
		{E858F0EA-1178-42CE-812C-FCB211F6CCA2}.Debug|Any CPU.ActiveCfg = Debug|Any CPU
		{E858F0EA-1178-42CE-812C-FCB211F6CCA2}.Debug|Any CPU.Build.0 = Debug|Any CPU
		{E858F0EA-1178-42CE-812C-FCB211F6CCA2}.Release|Any CPU.ActiveCfg = Release|Any CPU
		{E858F0EA-1178-42CE-812C-FCB211F6CCA2}.Release|Any CPU.Build.0 = Release|Any CPU
		{054B12E3-BDC6-44E8-8B02-A043D2FED1D4}.Debug|Any CPU.ActiveCfg = Debug|Any CPU
		{054B12E3-BDC6-44E8-8B02-A043D2FED1D4}.Debug|Any CPU.Build.0 = Debug|Any CPU
		{054B12E3-BDC6-44E8-8B02-A043D2FED1D4}.Release|Any CPU.ActiveCfg = Release|Any CPU
		{054B12E3-BDC6-44E8-8B02-A043D2FED1D4}.Release|Any CPU.Build.0 = Release|Any CPU
	EndGlobalSection
	GlobalSection(SolutionProperties) = preSolution
		HideSolutionNode = FALSE
	EndGlobalSection
EndGlobal
